
Microsoft Visual Studio Solution File, Format Version 12.00
# Visual Studio 15
VisualStudioVersion = 15.0.27004.2002
MinimumVisualStudioVersion = 10.0.40219.1
Project("{FAE04EC0-301F-11D3-BF4B-00C04F79EFBC}") = "ConsoleQueueStorage", "ConsoleQueueStorage\ConsoleQueueStorage.csproj", "{D74C3600-FBF5-4E56-92BE-DADD6ACA079E}"
EndProject
Global
	GlobalSection(SolutionConfigurationPlatforms) = preSolution
		Debug|Any CPU = Debug|Any CPU
		Release|Any CPU = Release|Any CPU
	EndGlobalSection
	GlobalSection(ProjectConfigurationPlatforms) = postSolution
		{D74C3600-FBF5-4E56-92BE-DADD6ACA079E}.Debug|Any CPU.ActiveCfg = Debug|Any CPU
		{D74C3600-FBF5-4E56-92BE-DADD6ACA079E}.Debug|Any CPU.Build.0 = Debug|Any CPU
		{D74C3600-FBF5-4E56-92BE-DADD6ACA079E}.Release|Any CPU.ActiveCfg = Release|Any CPU
		{D74C3600-FBF5-4E56-92BE-DADD6ACA079E}.Release|Any CPU.Build.0 = Release|Any CPU
	EndGlobalSection
	GlobalSection(SolutionProperties) = preSolution
		HideSolutionNode = FALSE
	EndGlobalSection
	GlobalSection(ExtensibilityGlobals) = postSolution
		SolutionGuid = {D1BFDC62-E510-4B6F-894E-E904E49FFC5B}
	EndGlobalSection
EndGlobal
